
Microsoft Visual Studio Solution File, Format Version 12.00
# Visual Studio 15
VisualStudioVersion = 15.0.26430.16
MinimumVisualStudioVersion = 10.0.40219.1
Project("{FAE04EC0-301F-11D3-BF4B-00C04F79EFBC}") = "HealtCare.Kiosk", "HealtCare.Kiosk\HealtCare.Kiosk.csproj", "{517769B3-0726-4E57-AB10-0838FC8B2DE2}"
EndProject
Project("{FAE04EC0-301F-11D3-BF4B-00C04F79EFBC}") = "HealtCare.Options", "HealtCare.Options\HealtCare.Options.csproj", "{7020ADB6-2CA8-4F32-AB47-9D7A14A19691}"
EndProject
Project("{FAE04EC0-301F-11D3-BF4B-00C04F79EFBC}") = "HealtCare.Common", "HealtCare.Common\HealtCare.Common.csproj", "{A68B6D8D-AD7E-49E4-9406-CCAE660FF628}"
EndProject
Project("{FAE04EC0-301F-11D3-BF4B-00C04F79EFBC}") = "HealtCare.DoctorApp", "HealtCare.DoctorApp\HealtCare.DoctorApp.csproj", "{A1BDAC95-1E98-445D-B022-31F220F18F07}"
EndProject
Global
	GlobalSection(SolutionConfigurationPlatforms) = preSolution
		Debug|Any CPU = Debug|Any CPU
		Release|Any CPU = Release|Any CPU
	EndGlobalSection
	GlobalSection(ProjectConfigurationPlatforms) = postSolution
		{517769B3-0726-4E57-AB10-0838FC8B2DE2}.Debug|Any CPU.ActiveCfg = Debug|Any CPU
		{517769B3-0726-4E57-AB10-0838FC8B2DE2}.Debug|Any CPU.Build.0 = Debug|Any CPU
		{517769B3-0726-4E57-AB10-0838FC8B2DE2}.Release|Any CPU.ActiveCfg = Release|Any CPU
		{517769B3-0726-4E57-AB10-0838FC8B2DE2}.Release|Any CPU.Build.0 = Release|Any CPU
		{7020ADB6-2CA8-4F32-AB47-9D7A14A19691}.Debug|Any CPU.ActiveCfg = Debug|Any CPU
		{7020ADB6-2CA8-4F32-AB47-9D7A14A19691}.Debug|Any CPU.Build.0 = Debug|Any CPU
		{7020ADB6-2CA8-4F32-AB47-9D7A14A19691}.Release|Any CPU.ActiveCfg = Release|Any CPU
		{7020ADB6-2CA8-4F32-AB47-9D7A14A19691}.Release|Any CPU.Build.0 = Release|Any CPU
		{A68B6D8D-AD7E-49E4-9406-CCAE660FF628}.Debug|Any CPU.ActiveCfg = Debug|Any CPU
		{A68B6D8D-AD7E-49E4-9406-CCAE660FF628}.Debug|Any CPU.Build.0 = Debug|Any CPU
		{A68B6D8D-AD7E-49E4-9406-CCAE660FF628}.Release|Any CPU.ActiveCfg = Release|Any CPU
		{A68B6D8D-AD7E-49E4-9406-CCAE660FF628}.Release|Any CPU.Build.0 = Release|Any CPU
		{A1BDAC95-1E98-445D-B022-31F220F18F07}.Debug|Any CPU.ActiveCfg = Debug|Any CPU
		{A1BDAC95-1E98-445D-B022-31F220F18F07}.Debug|Any CPU.Build.0 = Debug|Any CPU
		{A1BDAC95-1E98-445D-B022-31F220F18F07}.Release|Any CPU.ActiveCfg = Release|Any CPU
		{A1BDAC95-1E98-445D-B022-31F220F18F07}.Release|Any CPU.Build.0 = Release|Any CPU
	EndGlobalSection
	GlobalSection(SolutionProperties) = preSolution
		HideSolutionNode = FALSE
	EndGlobalSection
EndGlobal
